
Microsoft Visual Studio Solution File, Format Version 12.00
# Visual Studio Version 17
VisualStudioVersion = 17.14.36623.8 d17.14
MinimumVisualStudioVersion = 10.0.40219.1
Project("{FAE04EC0-301F-11D3-BF4B-00C04F79EFBC}") = "Đồ_án_CNN", "Đồ_án_CNN\Đồ_án_CNN.csproj", "{6ED298AF-E374-42A5-97E0-B1921EF5E769}"
EndProject
Global
	GlobalSection(SolutionConfigurationPlatforms) = preSolution
		Debug|Any CPU = Debug|Any CPU
		Release|Any CPU = Release|Any CPU
	EndGlobalSection
	GlobalSection(ProjectConfigurationPlatforms) = postSolution
		{6ED298AF-E374-42A5-97E0-B1921EF5E769}.Debug|Any CPU.ActiveCfg = Debug|Any CPU
		{6ED298AF-E374-42A5-97E0-B1921EF5E769}.Debug|Any CPU.Build.0 = Debug|Any CPU
		{6ED298AF-E374-42A5-97E0-B1921EF5E769}.Release|Any CPU.ActiveCfg = Release|Any CPU
		{6ED298AF-E374-42A5-97E0-B1921EF5E769}.Release|Any CPU.Build.0 = Release|Any CPU
	EndGlobalSection
	GlobalSection(SolutionProperties) = preSolution
		HideSolutionNode = FALSE
	EndGlobalSection
	GlobalSection(ExtensibilityGlobals) = postSolution
		SolutionGuid = {632E380A-29E4-4007-9EA2-1CA924E034C5}
	EndGlobalSection
EndGlobal
